
Microsoft Visual Studio Solution File, Format Version 12.00
# Visual Studio Version 17
VisualStudioVersion = 17.0.32112.339
MinimumVisualStudioVersion = 10.0.40219.1
Project("{9A19103F-16F7-4668-BE54-9A1E7A4F7556}") = "Brackeys_101", "Brackeys_101.csproj", "{7A242EC8-C1F2-4BEC-A5E3-1364E298493D}"
EndProject
Global
	GlobalSection(SolutionConfigurationPlatforms) = preSolution
		Debug|Any CPU = Debug|Any CPU
		Release|Any CPU = Release|Any CPU
	EndGlobalSection
	GlobalSection(ProjectConfigurationPlatforms) = postSolution
		{7A242EC8-C1F2-4BEC-A5E3-1364E298493D}.Debug|Any CPU.ActiveCfg = Debug|Any CPU
		{7A242EC8-C1F2-4BEC-A5E3-1364E298493D}.Debug|Any CPU.Build.0 = Debug|Any CPU
		{7A242EC8-C1F2-4BEC-A5E3-1364E298493D}.Release|Any CPU.ActiveCfg = Release|Any CPU
		{7A242EC8-C1F2-4BEC-A5E3-1364E298493D}.Release|Any CPU.Build.0 = Release|Any CPU
	EndGlobalSection
	GlobalSection(SolutionProperties) = preSolution
		HideSolutionNode = FALSE
	EndGlobalSection
	GlobalSection(ExtensibilityGlobals) = postSolution
		SolutionGuid = {9FDC927B-ECB2-44D1-BAD7-6E61E1C3B93B}
	EndGlobalSection
EndGlobal
